# This file is automatically @generated by Cargo.
# It is not intended for manual editing.
version = 3

[[package]]
name = "alonzo"
version = "0.1.0"
dependencies = [
 "vla-lang",
]

[[package]]
name = "vla-lang"
version = "0.8.0"
source = "git+https://github.com/Spreadsheet-Company/Frazaro?rev=c0686a9#c0686a90a977323bd27220034734d4af46ee884d"
