# This file is automatically @generated by Cargo.
# It is not intended for manual editing.
version = 3

[[package]]
name = "alonzo"
version = "0.1.0"
dependencies = [
 "vla-lang",
]

[[package]]
name = "vla-lang"
version = "0.8.0"
source = "git+https://github.com/Spreadsheet-Company/Frazaro?rev=f5dc344#f5dc344aeae5e3efdad03b6a7dbf7b1783e313fe"
